
Microsoft Visual Studio Solution File, Format Version 12.00
# Visual Studio Version 17
VisualStudioVersion = 17.3.32825.248
MinimumVisualStudioVersion = 10.0.40219.1
Project("{FAE04EC0-301F-11D3-BF4B-00C04F79EFBC}") = "send_email_forms", "send_email_forms.csproj", "{45495F90-03D1-4E45-8AC5-B81392406AFB}"
EndProject
Global
	GlobalSection(SolutionConfigurationPlatforms) = preSolution
		Debug|Any CPU = Debug|Any CPU
		Release|Any CPU = Release|Any CPU
	EndGlobalSection
	GlobalSection(ProjectConfigurationPlatforms) = postSolution
		{45495F90-03D1-4E45-8AC5-B81392406AFB}.Debug|Any CPU.ActiveCfg = Debug|Any CPU
		{45495F90-03D1-4E45-8AC5-B81392406AFB}.Debug|Any CPU.Build.0 = Debug|Any CPU
		{45495F90-03D1-4E45-8AC5-B81392406AFB}.Release|Any CPU.ActiveCfg = Release|Any CPU
		{45495F90-03D1-4E45-8AC5-B81392406AFB}.Release|Any CPU.Build.0 = Release|Any CPU
	EndGlobalSection
	GlobalSection(SolutionProperties) = preSolution
		HideSolutionNode = FALSE
	EndGlobalSection
	GlobalSection(ExtensibilityGlobals) = postSolution
		SolutionGuid = {9B080C1F-B114-4C11-AD31-B417C9F67BD6}
	EndGlobalSection
EndGlobal
